
Microsoft Visual Studio Solution File, Format Version 12.00
# Visual Studio Version 16
VisualStudioVersion = 16.0.31105.61
MinimumVisualStudioVersion = 10.0.40219.1
Project("{FAE04EC0-301F-11D3-BF4B-00C04F79EFBC}") = "ParalelepipedoFinal", "ParalelepipedoFinal\ParalelepipedoFinal.csproj", "{023A76E5-51F6-474E-BACF-E80415229B4A}"
EndProject
Global
	GlobalSection(SolutionConfigurationPlatforms) = preSolution
		Debug|Any CPU = Debug|Any CPU
		Release|Any CPU = Release|Any CPU
	EndGlobalSection
	GlobalSection(ProjectConfigurationPlatforms) = postSolution
		{023A76E5-51F6-474E-BACF-E80415229B4A}.Debug|Any CPU.ActiveCfg = Debug|Any CPU
		{023A76E5-51F6-474E-BACF-E80415229B4A}.Debug|Any CPU.Build.0 = Debug|Any CPU
		{023A76E5-51F6-474E-BACF-E80415229B4A}.Release|Any CPU.ActiveCfg = Release|Any CPU
		{023A76E5-51F6-474E-BACF-E80415229B4A}.Release|Any CPU.Build.0 = Release|Any CPU
	EndGlobalSection
	GlobalSection(SolutionProperties) = preSolution
		HideSolutionNode = FALSE
	EndGlobalSection
	GlobalSection(ExtensibilityGlobals) = postSolution
		SolutionGuid = {D49E7251-9C90-4CD0-A6E0-53C844AFC164}
	EndGlobalSection
EndGlobal
