
Microsoft Visual Studio Solution File, Format Version 12.00
# Visual Studio Version 16
VisualStudioVersion = 16.0.30523.141
MinimumVisualStudioVersion = 10.0.40219.1
Project("{FAE04EC0-301F-11D3-BF4B-00C04F79EFBC}") = "Vegito", "Vegito\Vegito.csproj", "{9C19CAD6-E9C5-4105-AE91-EB0A79FEF166}"
EndProject
Global
	GlobalSection(SolutionConfigurationPlatforms) = preSolution
		Debug|Any CPU = Debug|Any CPU
		Release|Any CPU = Release|Any CPU
	EndGlobalSection
	GlobalSection(ProjectConfigurationPlatforms) = postSolution
		{9C19CAD6-E9C5-4105-AE91-EB0A79FEF166}.Debug|Any CPU.ActiveCfg = Debug|Any CPU
		{9C19CAD6-E9C5-4105-AE91-EB0A79FEF166}.Debug|Any CPU.Build.0 = Debug|Any CPU
		{9C19CAD6-E9C5-4105-AE91-EB0A79FEF166}.Release|Any CPU.ActiveCfg = Release|Any CPU
		{9C19CAD6-E9C5-4105-AE91-EB0A79FEF166}.Release|Any CPU.Build.0 = Release|Any CPU
	EndGlobalSection
	GlobalSection(SolutionProperties) = preSolution
		HideSolutionNode = FALSE
	EndGlobalSection
	GlobalSection(ExtensibilityGlobals) = postSolution
		SolutionGuid = {0B8D9A71-891B-472C-8E5E-F2830970B488}
	EndGlobalSection
EndGlobal
